<?xml version="1.0" encoding="UTF-8" standalone="yes" ?>
<CodeBlocks_project_file>
	<FileVersion major="1" minor="6" />
	<Project>
		<Option title="Zombie_Game" />
		<Option pch_mode="2" />
		<Option compiler="gcc" />
		<Build>
			<Target title="Debug">
				<Option output="bin/Debug/Zombie_Game" prefix_auto="1" extension_auto="1" />
				<Option object_output="obj/Debug/" />
				<Option external_deps="../Bengine/bin/Debug/libBengine.a;" />
				<Option type="1" />
				<Option compiler="gcc" />
				<Compiler>
					<Add option="-g" />
					<Add directory="../deps/include" />
					<Add directory="include" />
					<Add directory="../../SDL_Test" />
				</Compiler>
				<Linker>
					<Add option="-lBengine" />
					<Add option="-lmingw32" />
					<Add option="-lSDL2main" />
					<Add option="-lSDL2" />
					<Add option="-lopengl32" />
					<Add option="-lglew32" />
					<Add directory="../deps/lib/GLEW" />
					<Add directory="../deps/lib/SDL2" />
					<Add directory="../Bengine/bin/Debug" />
				</Linker>
			</Target>
			<Target title="Release">
				<Option output="bin/Release/Zombie_Game" prefix_auto="1" extension_auto="1" />
				<Option object_output="obj/Release/" />
				<Option type="1" />
				<Option compiler="gcc" />
				<Compiler>
					<Add option="-O2" />
					<Add directory="include" />
					<Add directory="../deps/include" />
					<Add directory="../../SDL_Test" />
				</Compiler>
				<Linker>
					<Add option="-s" />
					<Add option="-lBengine" />
					<Add option="-lmingw32" />
					<Add option="-lSDL2main" />
					<Add option="-lSDL2" />
					<Add option="-lopengl32" />
					<Add option="-lglew32" />
					<Add directory="../deps/lib/GLEW" />
					<Add directory="../deps/lib/SDL2" />
					<Add directory="../Bengine/bin/Release" />
				</Linker>
			</Target>
		</Build>
		<Compiler>
			<Add option="-Wall" />
			<Add option="-fexceptions" />
		</Compiler>
		<Unit filename="include/Agent.h" />
		<Unit filename="include/Bullet.h" />
		<Unit filename="include/Gun.h" />
		<Unit filename="include/Human.h" />
		<Unit filename="include/Level.h" />
		<Unit filename="include/MainGame.h" />
		<Unit filename="include/Player.h" />
		<Unit filename="include/Zombie.h" />
		<Unit filename="main.cpp" />
		<Unit filename="src/Agent.cpp" />
		<Unit filename="src/Bullet.cpp" />
		<Unit filename="src/Gun.cpp" />
		<Unit filename="src/Human.cpp" />
		<Unit filename="src/Level.cpp" />
		<Unit filename="src/MainGame.cpp" />
		<Unit filename="src/Player.cpp" />
		<Unit filename="src/Zombie.cpp" />
		<Extensions>
			<lib_finder disable_auto="1" />
		</Extensions>
	</Project>
</CodeBlocks_project_file>
